
Microsoft Visual Studio Solution File, Format Version 12.00
# Visual Studio Version 17
VisualStudioVersion = 17.11.35222.181
MinimumVisualStudioVersion = 10.0.40219.1
Project("{FAE04EC0-301F-11D3-BF4B-00C04F79EFBC}") = "2024_09_30", "2024_09_30.csproj", "{B40AC78B-F051-4EFA-BBDB-13BE71B338D8}"
EndProject
Global
	GlobalSection(SolutionConfigurationPlatforms) = preSolution
		Debug|Any CPU = Debug|Any CPU
		Release|Any CPU = Release|Any CPU
	EndGlobalSection
	GlobalSection(ProjectConfigurationPlatforms) = postSolution
		{B40AC78B-F051-4EFA-BBDB-13BE71B338D8}.Debug|Any CPU.ActiveCfg = Debug|Any CPU
		{B40AC78B-F051-4EFA-BBDB-13BE71B338D8}.Debug|Any CPU.Build.0 = Debug|Any CPU
		{B40AC78B-F051-4EFA-BBDB-13BE71B338D8}.Release|Any CPU.ActiveCfg = Release|Any CPU
		{B40AC78B-F051-4EFA-BBDB-13BE71B338D8}.Release|Any CPU.Build.0 = Release|Any CPU
	EndGlobalSection
	GlobalSection(SolutionProperties) = preSolution
		HideSolutionNode = FALSE
	EndGlobalSection
	GlobalSection(ExtensibilityGlobals) = postSolution
		SolutionGuid = {17760358-1559-4BD7-9F9F-DC682A6CFFFC}
	EndGlobalSection
EndGlobal
